
Microsoft Visual Studio Solution File, Format Version 12.00
# Visual Studio Version 17
VisualStudioVersion = 17.9.34902.65
MinimumVisualStudioVersion = 10.0.40219.1
Project("{888888A0-9F3D-457C-B088-3A5042F75D52}") = "PythonApplication6", "PythonApplication6\PythonApplication6.pyproj", "{FEB30D3F-D8BB-4187-A35C-3EFF93605FCB}"
EndProject
Global
	GlobalSection(SolutionConfigurationPlatforms) = preSolution
		Debug|Any CPU = Debug|Any CPU
		Release|Any CPU = Release|Any CPU
	EndGlobalSection
	GlobalSection(ProjectConfigurationPlatforms) = postSolution
		{FEB30D3F-D8BB-4187-A35C-3EFF93605FCB}.Debug|Any CPU.ActiveCfg = Debug|Any CPU
		{FEB30D3F-D8BB-4187-A35C-3EFF93605FCB}.Release|Any CPU.ActiveCfg = Release|Any CPU
	EndGlobalSection
	GlobalSection(SolutionProperties) = preSolution
		HideSolutionNode = FALSE
	EndGlobalSection
	GlobalSection(ExtensibilityGlobals) = postSolution
		SolutionGuid = {C06ADEBD-BB8B-4FD7-BFC5-4D92E621B17D}
	EndGlobalSection
EndGlobal
