
Microsoft Visual Studio Solution File, Format Version 12.00
# Visual Studio Version 17
VisualStudioVersion = 17.9.34902.65
MinimumVisualStudioVersion = 10.0.40219.1
Project("{888888A0-9F3D-457C-B088-3A5042F75D52}") = "six.py", "six.py\six.py.pyproj", "{FFAB55A5-FECF-4BE0-A049-40D6038DADBF}"
EndProject
Global
	GlobalSection(SolutionConfigurationPlatforms) = preSolution
		Debug|Any CPU = Debug|Any CPU
		Release|Any CPU = Release|Any CPU
	EndGlobalSection
	GlobalSection(ProjectConfigurationPlatforms) = postSolution
		{FFAB55A5-FECF-4BE0-A049-40D6038DADBF}.Debug|Any CPU.ActiveCfg = Debug|Any CPU
		{FFAB55A5-FECF-4BE0-A049-40D6038DADBF}.Release|Any CPU.ActiveCfg = Release|Any CPU
	EndGlobalSection
	GlobalSection(SolutionProperties) = preSolution
		HideSolutionNode = FALSE
	EndGlobalSection
	GlobalSection(ExtensibilityGlobals) = postSolution
		SolutionGuid = {8F98713E-F3A0-48A7-BAD6-87340B48F739}
	EndGlobalSection
EndGlobal
